
Microsoft Visual Studio Solution File, Format Version 12.00
# Visual Studio Version 16
VisualStudioVersion = 16.0.31702.278
MinimumVisualStudioVersion = 10.0.40219.1
Project("{FAE04EC0-301F-11D3-BF4B-00C04F79EFBC}") = "LoPets", "LoPets.csproj", "{BBA3B5BD-5703-445A-8339-C825A74FA94E}"
EndProject
Global
	GlobalSection(SolutionConfigurationPlatforms) = preSolution
		Debug|Any CPU = Debug|Any CPU
		Release|Any CPU = Release|Any CPU
	EndGlobalSection
	GlobalSection(ProjectConfigurationPlatforms) = postSolution
		{BBA3B5BD-5703-445A-8339-C825A74FA94E}.Debug|Any CPU.ActiveCfg = Debug|Any CPU
		{BBA3B5BD-5703-445A-8339-C825A74FA94E}.Debug|Any CPU.Build.0 = Debug|Any CPU
		{BBA3B5BD-5703-445A-8339-C825A74FA94E}.Release|Any CPU.ActiveCfg = Release|Any CPU
		{BBA3B5BD-5703-445A-8339-C825A74FA94E}.Release|Any CPU.Build.0 = Release|Any CPU
	EndGlobalSection
	GlobalSection(SolutionProperties) = preSolution
		HideSolutionNode = FALSE
	EndGlobalSection
	GlobalSection(ExtensibilityGlobals) = postSolution
		SolutionGuid = {EDFCDD11-EBD6-45EB-AFF9-A58D269D29F9}
	EndGlobalSection
EndGlobal
